// !$*UTF8*$!
{
	archiveVersion = 1;
	classes = {
	};
	objectVersion = 50;
	objects = {

/* Begin PBXBuildFile section */
		12024B5825EBA195006A64AA /* AppDelegate.swift in Sources */ = {isa = PBXBuildFile; fileRef = 12024B5725EBA195006A64AA /* AppDelegate.swift */; };
		12024B5A25EBA195006A64AA /* SceneDelegate.swift in Sources */ = {isa = PBXBuildFile; fileRef = 12024B5925EBA195006A64AA /* SceneDelegate.swift */; };
		12024B5C25EBA195006A64AA /* MainViewController.swift in Sources */ = {isa = PBXBuildFile; fileRef = 12024B5B25EBA195006A64AA /* MainViewController.swift */; };
		12024B6125EBA198006A64AA /* Assets.xcassets in Resources */ = {isa = PBXBuildFile; fileRef = 12024B6025EBA198006A64AA /* Assets.xcassets */; };
		12024B6425EBA198006A64AA /* LaunchScreen.storyboard in Resources */ = {isa = PBXBuildFile; fileRef = 12024B6225EBA198006A64AA /* LaunchScreen.storyboard */; };
		12BD494725EBA78F00A6713F /* CityCell.swift in Sources */ = {isa = PBXBuildFile; fileRef = 12BD494625EBA78F00A6713F /* CityCell.swift */; };
		12BD494A25EBAB8B00A6713F /* TableView+Ext.swift in Sources */ = {isa = PBXBuildFile; fileRef = 12BD494925EBAB8B00A6713F /* TableView+Ext.swift */; };
		12BD494D25EBADCF00A6713F /* Weather.swift in Sources */ = {isa = PBXBuildFile; fileRef = 12BD494C25EBADCF00A6713F /* Weather.swift */; };
		12BD495325EBB03100A6713F /* TitleLabel.swift in Sources */ = {isa = PBXBuildFile; fileRef = 12BD495225EBB03100A6713F /* TitleLabel.swift */; };
		12E3123725EBBC9B008CCEE8 /* UIView+Ext.swift in Sources */ = {isa = PBXBuildFile; fileRef = 12E3123625EBBC9B008CCEE8 /* UIView+Ext.swift */; };
		12E3123A25EBBF6E008CCEE8 /* SecondaryLabel.swift in Sources */ = {isa = PBXBuildFile; fileRef = 12E3123925EBBF6E008CCEE8 /* SecondaryLabel.swift */; };
		12FC96C325EBCA0A00C1E63A /* NetworkManager.swift in Sources */ = {isa = PBXBuildFile; fileRef = 12FC96C225EBCA0A00C1E63A /* NetworkManager.swift */; };
		12FC96DE25EC36C500C1E63A /* DetailsViewController.swift in Sources */ = {isa = PBXBuildFile; fileRef = 12FC96DD25EC36C500C1E63A /* DetailsViewController.swift */; };
		12FC96EF25ECF66900C1E63A /* GeoService.swift in Sources */ = {isa = PBXBuildFile; fileRef = 12FC96EE25ECF66900C1E63A /* GeoService.swift */; };
		12FC96F325ECF71200C1E63A /* WeatherManager.swift in Sources */ = {isa = PBXBuildFile; fileRef = 12FC96F225ECF71200C1E63A /* WeatherManager.swift */; };
/* End PBXBuildFile section */

/* Begin PBXFileReference section */
		12024B5425EBA195006A64AA /* weather.app */ = {isa = PBXFileReference; explicitFileType = wrapper.application; includeInIndex = 0; path = weather.app; sourceTree = BUILT_PRODUCTS_DIR; };
		12024B5725EBA195006A64AA /* AppDelegate.swift */ = {isa = PBXFileReference; lastKnownFileType = sourcecode.swift; path = AppDelegate.swift; sourceTree = "<group>"; };
		12024B5925EBA195006A64AA /* SceneDelegate.swift */ = {isa = PBXFileReference; lastKnownFileType = sourcecode.swift; path = SceneDelegate.swift; sourceTree = "<group>"; };
		12024B5B25EBA195006A64AA /* MainViewController.swift */ = {isa = PBXFileReference; lastKnownFileType = sourcecode.swift; path = MainViewController.swift; sourceTree = "<group>"; };
		12024B6025EBA198006A64AA /* Assets.xcassets */ = {isa = PBXFileReference; lastKnownFileType = folder.assetcatalog; path = Assets.xcassets; sourceTree = "<group>"; };
		12024B6325EBA198006A64AA /* Base */ = {isa = PBXFileReference; lastKnownFileType = file.storyboard; name = Base; path = Base.lproj/LaunchScreen.storyboard; sourceTree = "<group>"; };
		12024B6525EBA198006A64AA /* Info.plist */ = {isa = PBXFileReference; lastKnownFileType = text.plist.xml; path = Info.plist; sourceTree = "<group>"; };
		12BD494625EBA78F00A6713F /* CityCell.swift */ = {isa = PBXFileReference; lastKnownFileType = sourcecode.swift; path = CityCell.swift; sourceTree = "<group>"; };
		12BD494925EBAB8B00A6713F /* TableView+Ext.swift */ = {isa = PBXFileReference; lastKnownFileType = sourcecode.swift; path = "TableView+Ext.swift"; sourceTree = "<group>"; };
		12BD494C25EBADCF00A6713F /* Weather.swift */ = {isa = PBXFileReference; lastKnownFileType = sourcecode.swift; path = Weather.swift; sourceTree = "<group>"; };
		12BD495225EBB03100A6713F /* TitleLabel.swift */ = {isa = PBXFileReference; fileEncoding = 4; lastKnownFileType = sourcecode.swift; path = TitleLabel.swift; sourceTree = "<group>"; };
		12E3123625EBBC9B008CCEE8 /* UIView+Ext.swift */ = {isa = PBXFileReference; lastKnownFileType = sourcecode.swift; path = "UIView+Ext.swift"; sourceTree = "<group>"; };
		12E3123925EBBF6E008CCEE8 /* SecondaryLabel.swift */ = {isa = PBXFileReference; lastKnownFileType = sourcecode.swift; path = SecondaryLabel.swift; sourceTree = "<group>"; };
		12FC96C225EBCA0A00C1E63A /* NetworkManager.swift */ = {isa = PBXFileReference; lastKnownFileType = sourcecode.swift; path = NetworkManager.swift; sourceTree = "<group>"; };
		12FC96DD25EC36C500C1E63A /* DetailsViewController.swift */ = {isa = PBXFileReference; lastKnownFileType = sourcecode.swift; path = DetailsViewController.swift; sourceTree = "<group>"; };
		12FC96EE25ECF66900C1E63A /* GeoService.swift */ = {isa = PBXFileReference; lastKnownFileType = sourcecode.swift; path = GeoService.swift; sourceTree = "<group>"; };
		12FC96F225ECF71200C1E63A /* WeatherManager.swift */ = {isa = PBXFileReference; lastKnownFileType = sourcecode.swift; path = WeatherManager.swift; sourceTree = "<group>"; };
/* End PBXFileReference section */

/* Begin PBXFrameworksBuildPhase section */
		12024B5125EBA195006A64AA /* Frameworks */ = {
			isa = PBXFrameworksBuildPhase;
			buildActionMask = 2147483647;
			files = (
			);
			runOnlyForDeploymentPostprocessing = 0;
		};
/* End PBXFrameworksBuildPhase section */

/* Begin PBXGroup section */
		12024B4B25EBA195006A64AA = {
			isa = PBXGroup;
			children = (
				12024B5625EBA195006A64AA /* weather */,
				12024B5525EBA195006A64AA /* Products */,
			);
			sourceTree = "<group>";
		};
		12024B5525EBA195006A64AA /* Products */ = {
			isa = PBXGroup;
			children = (
				12024B5425EBA195006A64AA /* weather.app */,
			);
			name = Products;
			sourceTree = "<group>";
		};
		12024B5625EBA195006A64AA /* weather */ = {
			isa = PBXGroup;
			children = (
				12BD495925EBB92F00A6713F /* Extensions */,
				12FC96C125EBC9F500C1E63A /* Managers */,
				12BD495C25EBB9F300A6713F /* Custom Views */,
				12BD495825EBB91700A6713F /* Screens */,
				12BD495625EBB90B00A6713F /* Model */,
				12BD495525EBB8FF00A6713F /* Support */,
				12024B6525EBA198006A64AA /* Info.plist */,
			);
			path = weather;
			sourceTree = "<group>";
		};
		12BD495525EBB8FF00A6713F /* Support */ = {
			isa = PBXGroup;
			children = (
				12024B5725EBA195006A64AA /* AppDelegate.swift */,
				12024B5925EBA195006A64AA /* SceneDelegate.swift */,
				12024B6025EBA198006A64AA /* Assets.xcassets */,
				12024B6225EBA198006A64AA /* LaunchScreen.storyboard */,
			);
			path = Support;
			sourceTree = "<group>";
		};
		12BD495625EBB90B00A6713F /* Model */ = {
			isa = PBXGroup;
			children = (
				12BD494C25EBADCF00A6713F /* Weather.swift */,
			);
			path = Model;
			sourceTree = "<group>";
		};
		12BD495725EBB91000A6713F /* Cell */ = {
			isa = PBXGroup;
			children = (
				12BD494625EBA78F00A6713F /* CityCell.swift */,
			);
			path = Cell;
			sourceTree = "<group>";
		};
		12BD495825EBB91700A6713F /* Screens */ = {
			isa = PBXGroup;
			children = (
				12024B5B25EBA195006A64AA /* MainViewController.swift */,
				12FC96DD25EC36C500C1E63A /* DetailsViewController.swift */,
			);
			path = Screens;
			sourceTree = "<group>";
		};
		12BD495925EBB92F00A6713F /* Extensions */ = {
			isa = PBXGroup;
			children = (
				12BD494925EBAB8B00A6713F /* TableView+Ext.swift */,
				12E3123625EBBC9B008CCEE8 /* UIView+Ext.swift */,
			);
			path = Extensions;
			sourceTree = "<group>";
		};
		12BD495C25EBB9F300A6713F /* Custom Views */ = {
			isa = PBXGroup;
			children = (
				12BD495725EBB91000A6713F /* Cell */,
				12BD495225EBB03100A6713F /* TitleLabel.swift */,
				12E3123925EBBF6E008CCEE8 /* SecondaryLabel.swift */,
			);
			path = "Custom Views";
			sourceTree = "<group>";
		};
		12FC96C125EBC9F500C1E63A /* Managers */ = {
			isa = PBXGroup;
			children = (
				12FC96C225EBCA0A00C1E63A /* NetworkManager.swift */,
				12FC96EE25ECF66900C1E63A /* GeoService.swift */,
				12FC96F225ECF71200C1E63A /* WeatherManager.swift */,
			);
			path = Managers;
			sourceTree = "<group>";
		};
/* End PBXGroup section */

/* Begin PBXNativeTarget section */
		12024B5325EBA195006A64AA /* weather */ = {
			isa = PBXNativeTarget;
			buildConfigurationList = 12024B6825EBA198006A64AA /* Build configuration list for PBXNativeTarget "weather" */;
			buildPhases = (
				12024B5025EBA195006A64AA /* Sources */,
				12024B5125EBA195006A64AA /* Frameworks */,
				12024B5225EBA195006A64AA /* Resources */,
			);
			buildRules = (
			);
			dependencies = (
			);
			name = weather;
			productName = weather;
			productReference = 12024B5425EBA195006A64AA /* weather.app */;
			productType = "com.apple.product-type.application";
		};
/* End PBXNativeTarget section */

/* Begin PBXProject section */
		12024B4C25EBA195006A64AA /* Project object */ = {
			isa = PBXProject;
			attributes = {
				LastSwiftUpdateCheck = 1230;
				LastUpgradeCheck = 1230;
				TargetAttributes = {
					12024B5325EBA195006A64AA = {
						CreatedOnToolsVersion = 12.3;
					};
				};
			};
			buildConfigurationList = 12024B4F25EBA195006A64AA /* Build configuration list for PBXProject "weather" */;
			compatibilityVersion = "Xcode 9.3";
			developmentRegion = en;
			hasScannedForEncodings = 0;
			knownRegions = (
				en,
				Base,
			);
			mainGroup = 12024B4B25EBA195006A64AA;
			productRefGroup = 12024B5525EBA195006A64AA /* Products */;
			projectDirPath = "";
			projectRoot = "";
			targets = (
				12024B5325EBA195006A64AA /* weather */,
			);
		};
/* End PBXProject section */

/* Begin PBXResourcesBuildPhase section */
		12024B5225EBA195006A64AA /* Resources */ = {
			isa = PBXResourcesBuildPhase;
			buildActionMask = 2147483647;
			files = (
				12024B6425EBA198006A64AA /* LaunchScreen.storyboard in Resources */,
				12024B6125EBA198006A64AA /* Assets.xcassets in Resources */,
			);
			runOnlyForDeploymentPostprocessing = 0;
		};
/* End PBXResourcesBuildPhase section */

/* Begin PBXSourcesBuildPhase section */
		12024B5025EBA195006A64AA /* Sources */ = {
			isa = PBXSourcesBuildPhase;
			buildActionMask = 2147483647;
			files = (
				12E3123725EBBC9B008CCEE8 /* UIView+Ext.swift in Sources */,
				12FC96EF25ECF66900C1E63A /* GeoService.swift in Sources */,
				12024B5C25EBA195006A64AA /* MainViewController.swift in Sources */,
				12FC96C325EBCA0A00C1E63A /* NetworkManager.swift in Sources */,
				12FC96F325ECF71200C1E63A /* WeatherManager.swift in Sources */,
				12024B5825EBA195006A64AA /* AppDelegate.swift in Sources */,
				12E3123A25EBBF6E008CCEE8 /* SecondaryLabel.swift in Sources */,
				12BD494D25EBADCF00A6713F /* Weather.swift in Sources */,
				12BD494725EBA78F00A6713F /* CityCell.swift in Sources */,
				12BD495325EBB03100A6713F /* TitleLabel.swift in Sources */,
				12BD494A25EBAB8B00A6713F /* TableView+Ext.swift in Sources */,
				12024B5A25EBA195006A64AA /* SceneDelegate.swift in Sources */,
				12FC96DE25EC36C500C1E63A /* DetailsViewController.swift in Sources */,
			);
			runOnlyForDeploymentPostprocessing = 0;
		};
/* End PBXSourcesBuildPhase section */

/* Begin PBXVariantGroup section */
		12024B6225EBA198006A64AA /* LaunchScreen.storyboard */ = {
			isa = PBXVariantGroup;
			children = (
				12024B6325EBA198006A64AA /* Base */,
			);
			name = LaunchScreen.storyboard;
			sourceTree = "<group>";
		};
/* End PBXVariantGroup section */

/* Begin XCBuildConfiguration section */
		12024B6625EBA198006A64AA /* Debug */ = {
			isa = XCBuildConfiguration;
			buildSettings = {
				ALWAYS_SEARCH_USER_PATHS = NO;
				CLANG_ANALYZER_NONNULL = YES;
				CLANG_ANALYZER_NUMBER_OBJECT_CONVERSION = YES_AGGRESSIVE;
				CLANG_CXX_LANGUAGE_STANDARD = "gnu++14";
				CLANG_CXX_LIBRARY = "libc++";
				CLANG_ENABLE_MODULES = YES;
				CLANG_ENABLE_OBJC_ARC = YES;
				CLANG_ENABLE_OBJC_WEAK = YES;
				CLANG_WARN_BLOCK_CAPTURE_AUTORELEASING = YES;
				CLANG_WARN_BOOL_CONVERSION = YES;
				CLANG_WARN_COMMA = YES;
				CLANG_WARN_CONSTANT_CONVERSION = YES;
				CLANG_WARN_DEPRECATED_OBJC_IMPLEMENTATIONS = YES;
				CLANG_WARN_DIRECT_OBJC_ISA_USAGE = YES_ERROR;
				CLANG_WARN_DOCUMENTATION_COMMENTS = YES;
				CLANG_WARN_EMPTY_BODY = YES;
				CLANG_WARN_ENUM_CONVERSION = YES;
				CLANG_WARN_INFINITE_RECURSION = YES;
				CLANG_WARN_INT_CONVERSION = YES;
				CLANG_WARN_NON_LITERAL_NULL_CONVERSION = YES;
				CLANG_WARN_OBJC_IMPLICIT_RETAIN_SELF = YES;
				CLANG_WARN_OBJC_LITERAL_CONVERSION = YES;
				CLANG_WARN_OBJC_ROOT_CLASS = YES_ERROR;
				CLANG_WARN_QUOTED_INCLUDE_IN_FRAMEWORK_HEADER = YES;
				CLANG_WARN_RANGE_LOOP_ANALYSIS = YES;
				CLANG_WARN_STRICT_PROTOTYPES = YES;
				CLANG_WARN_SUSPICIOUS_MOVE = YES;
				CLANG_WARN_UNGUARDED_AVAILABILITY = YES_AGGRESSIVE;
				CLANG_WARN_UNREACHABLE_CODE = YES;
				CLANG_WARN__DUPLICATE_METHOD_MATCH = YES;
				COPY_PHASE_STRIP = NO;
				DEBUG_INFORMATION_FORMAT = dwarf;
				ENABLE_STRICT_OBJC_MSGSEND = YES;
				ENABLE_TESTABILITY = YES;
				GCC_C_LANGUAGE_STANDARD = gnu11;
				GCC_DYNAMIC_NO_PIC = NO;
				GCC_NO_COMMON_BLOCKS = YES;
				GCC_OPTIMIZATION_LEVEL = 0;
				GCC_PREPROCESSOR_DEFINITIONS = (
					"DEBUG=1",
					"$(inherited)",
				);
				GCC_WARN_64_TO_32_BIT_CONVERSION = YES;
				GCC_WARN_ABOUT_RETURN_TYPE = YES_ERROR;
				GCC_WARN_UNDECLARED_SELECTOR = YES;
				GCC_WARN_UNINITIALIZED_AUTOS = YES_AGGRESSIVE;
				GCC_WARN_UNUSED_FUNCTION = YES;
				GCC_WARN_UNUSED_VARIABLE = YES;
				IPHONEOS_DEPLOYMENT_TARGET = 14.3;
				MTL_ENABLE_DEBUG_INFO = INCLUDE_SOURCE;
				MTL_FAST_MATH = YES;
				ONLY_ACTIVE_ARCH = YES;
				SDKROOT = iphoneos;
				SWIFT_ACTIVE_COMPILATION_CONDITIONS = DEBUG;
				SWIFT_OPTIMIZATION_LEVEL = "-Onone";
			};
			name = Debug;
		};
		12024B6725EBA198006A64AA /* Release */ = {
			isa = XCBuildConfiguration;
			buildSettings = {
				ALWAYS_SEARCH_USER_PATHS = NO;
				CLANG_ANALYZER_NONNULL = YES;
				CLANG_ANALYZER_NUMBER_OBJECT_CONVERSION = YES_AGGRESSIVE;
				CLANG_CXX_LANGUAGE_STANDARD = "gnu++14";
				CLANG_CXX_LIBRARY = "libc++";
				CLANG_ENABLE_MODULES = YES;
				CLANG_ENABLE_OBJC_ARC = YES;
				CLANG_ENABLE_OBJC_WEAK = YES;
				CLANG_WARN_BLOCK_CAPTURE_AUTORELEASING = YES;
				CLANG_WARN_BOOL_CONVERSION = YES;
				CLANG_WARN_COMMA = YES;
				CLANG_WARN_CONSTANT_CONVERSION = YES;
				CLANG_WARN_DEPRECATED_OBJC_IMPLEMENTATIONS = YES;
				CLANG_WARN_DIRECT_OBJC_ISA_USAGE = YES_ERROR;
				CLANG_WARN_DOCUMENTATION_COMMENTS = YES;
				CLANG_WARN_EMPTY_BODY = YES;
				CLANG_WARN_ENUM_CONVERSION = YES;
				CLANG_WARN_INFINITE_RECURSION = YES;
				CLANG_WARN_INT_CONVERSION = YES;
				CLANG_WARN_NON_LITERAL_NULL_CONVERSION = YES;
				CLANG_WARN_OBJC_IMPLICIT_RETAIN_SELF = YES;
				CLANG_WARN_OBJC_LITERAL_CONVERSION = YES;
				CLANG_WARN_OBJC_ROOT_CLASS = YES_ERROR;
				CLANG_WARN_QUOTED_INCLUDE_IN_FRAMEWORK_HEADER = YES;
				CLANG_WARN_RANGE_LOOP_ANALYSIS = YES;
				CLANG_WARN_STRICT_PROTOTYPES = YES;
				CLANG_WARN_SUSPICIOUS_MOVE = YES;
				CLANG_WARN_UNGUARDED_AVAILABILITY = YES_AGGRESSIVE;
				CLANG_WARN_UNREACHABLE_CODE = YES;
				CLANG_WARN__DUPLICATE_METHOD_MATCH = YES;
				COPY_PHASE_STRIP = NO;
				DEBUG_INFORMATION_FORMAT = "dwarf-with-dsym";
				ENABLE_NS_ASSERTIONS = NO;
				ENABLE_STRICT_OBJC_MSGSEND = YES;
				GCC_C_LANGUAGE_STANDARD = gnu11;
				GCC_NO_COMMON_BLOCKS = YES;
				GCC_WARN_64_TO_32_BIT_CONVERSION = YES;
				GCC_WARN_ABOUT_RETURN_TYPE = YES_ERROR;
				GCC_WARN_UNDECLARED_SELECTOR = YES;
				GCC_WARN_UNINITIALIZED_AUTOS = YES_AGGRESSIVE;
				GCC_WARN_UNUSED_FUNCTION = YES;
				GCC_WARN_UNUSED_VARIABLE = YES;
				IPHONEOS_DEPLOYMENT_TARGET = 14.3;
				MTL_ENABLE_DEBUG_INFO = NO;
				MTL_FAST_MATH = YES;
				SDKROOT = iphoneos;
				SWIFT_COMPILATION_MODE = wholemodule;
				SWIFT_OPTIMIZATION_LEVEL = "-O";
				VALIDATE_PRODUCT = YES;
			};
			name = Release;
		};
		12024B6925EBA198006A64AA /* Debug */ = {
			isa = XCBuildConfiguration;
			buildSettings = {
				ASSETCATALOG_COMPILER_APPICON_NAME = AppIcon;
				ASSETCATALOG_COMPILER_GLOBAL_ACCENT_COLOR_NAME = AccentColor;
				CODE_SIGN_STYLE = Automatic;
				DEVELOPMENT_TEAM = 8FT674V95S;
				INFOPLIST_FILE = weather/Info.plist;
				IPHONEOS_DEPLOYMENT_TARGET = 14.2;
				LD_RUNPATH_SEARCH_PATHS = (
					"$(inherited)",
					"@executable_path/Frameworks",
				);
				PRODUCT_BUNDLE_IDENTIFIER = che.tech.weather;
				PRODUCT_NAME = "$(TARGET_NAME)";
				SWIFT_VERSION = 5.0;
				TARGETED_DEVICE_FAMILY = 1;
			};
			name = Debug;
		};
		12024B6A25EBA198006A64AA /* Release */ = {
			isa = XCBuildConfiguration;
			buildSettings = {
				ASSETCATALOG_COMPILER_APPICON_NAME = AppIcon;
				ASSETCATALOG_COMPILER_GLOBAL_ACCENT_COLOR_NAME = AccentColor;
				CODE_SIGN_STYLE = Automatic;
				DEVELOPMENT_TEAM = 8FT674V95S;
				INFOPLIST_FILE = weather/Info.plist;
				IPHONEOS_DEPLOYMENT_TARGET = 14.2;
				LD_RUNPATH_SEARCH_PATHS = (
					"$(inherited)",
					"@executable_path/Frameworks",
				);
				PRODUCT_BUNDLE_IDENTIFIER = che.tech.weather;
				PRODUCT_NAME = "$(TARGET_NAME)";
				SWIFT_VERSION = 5.0;
				TARGETED_DEVICE_FAMILY = 1;
			};
			name = Release;
		};
/* End XCBuildConfiguration section */

/* Begin XCConfigurationList section */
		12024B4F25EBA195006A64AA /* Build configuration list for PBXProject "weather" */ = {
			isa = XCConfigurationList;
			buildConfigurations = (
				12024B6625EBA198006A64AA /* Debug */,
				12024B6725EBA198006A64AA /* Release */,
			);
			defaultConfigurationIsVisible = 0;
			defaultConfigurationName = Release;
		};
		12024B6825EBA198006A64AA /* Build configuration list for PBXNativeTarget "weather" */ = {
			isa = XCConfigurationList;
			buildConfigurations = (
				12024B6925EBA198006A64AA /* Debug */,
				12024B6A25EBA198006A64AA /* Release */,
			);
			defaultConfigurationIsVisible = 0;
			defaultConfigurationName = Release;
		};
/* End XCConfigurationList section */
	};
	rootObject = 12024B4C25EBA195006A64AA /* Project object */;
}
